
Microsoft Visual Studio Solution File, Format Version 12.00
# Visual Studio Version 17
VisualStudioVersion = 17.2.32602.215
MinimumVisualStudioVersion = 10.0.40219.1
Project("{FAE04EC0-301F-11D3-BF4B-00C04F79EFBC}") = "XamarinCodeGenerators.Android", "XamarinCodeGenerators\XamarinCodeGenerators.Android\XamarinCodeGenerators.Android.csproj", "{B9E549F4-E06B-485B-87C4-5F8A925688D0}"
EndProject
Project("{FAE04EC0-301F-11D3-BF4B-00C04F79EFBC}") = "XamarinCodeGenerators", "XamarinCodeGenerators\XamarinCodeGenerators\XamarinCodeGenerators.csproj", "{C3D0355B-05ED-45D1-A512-F1432AB2EE71}"
EndProject
Global
	GlobalSection(SolutionConfigurationPlatforms) = preSolution
		Debug|Any CPU = Debug|Any CPU
		Release|Any CPU = Release|Any CPU
	EndGlobalSection
	GlobalSection(ProjectConfigurationPlatforms) = postSolution
		{B9E549F4-E06B-485B-87C4-5F8A925688D0}.Debug|Any CPU.ActiveCfg = Debug|Any CPU
		{B9E549F4-E06B-485B-87C4-5F8A925688D0}.Debug|Any CPU.Build.0 = Debug|Any CPU
		{B9E549F4-E06B-485B-87C4-5F8A925688D0}.Debug|Any CPU.Deploy.0 = Debug|Any CPU
		{B9E549F4-E06B-485B-87C4-5F8A925688D0}.Release|Any CPU.ActiveCfg = Release|Any CPU
		{B9E549F4-E06B-485B-87C4-5F8A925688D0}.Release|Any CPU.Build.0 = Release|Any CPU
		{B9E549F4-E06B-485B-87C4-5F8A925688D0}.Release|Any CPU.Deploy.0 = Release|Any CPU
		{C3D0355B-05ED-45D1-A512-F1432AB2EE71}.Debug|Any CPU.ActiveCfg = Debug|Any CPU
		{C3D0355B-05ED-45D1-A512-F1432AB2EE71}.Debug|Any CPU.Build.0 = Debug|Any CPU
		{C3D0355B-05ED-45D1-A512-F1432AB2EE71}.Debug|Any CPU.Deploy.0 = Debug|Any CPU
		{C3D0355B-05ED-45D1-A512-F1432AB2EE71}.Release|Any CPU.ActiveCfg = Release|Any CPU
		{C3D0355B-05ED-45D1-A512-F1432AB2EE71}.Release|Any CPU.Build.0 = Release|Any CPU
		{C3D0355B-05ED-45D1-A512-F1432AB2EE71}.Release|Any CPU.Deploy.0 = Release|Any CPU
	EndGlobalSection
	GlobalSection(SolutionProperties) = preSolution
		HideSolutionNode = FALSE
	EndGlobalSection
	GlobalSection(ExtensibilityGlobals) = postSolution
		SolutionGuid = {7D5786E4-0037-407A-80FD-4A4456DAA153}
	EndGlobalSection
EndGlobal
